// !$*UTF8*$!
{
	archiveVersion = 1;
	classes = {
	};
	objectVersion = 55;
	objects = {

/* Begin PBXBuildFile section */
		1AE05DCF28CAAF1000285F15 /* AppDelegate.swift in Sources */ = {isa = PBXBuildFile; fileRef = 1AE05DCE28CAAF1000285F15 /* AppDelegate.swift */; };
		1AE05DD128CAAF1000285F15 /* SceneDelegate.swift in Sources */ = {isa = PBXBuildFile; fileRef = 1AE05DD028CAAF1000285F15 /* SceneDelegate.swift */; };
		1AE05DD328CAAF1000285F15 /* ViewController.swift in Sources */ = {isa = PBXBuildFile; fileRef = 1AE05DD228CAAF1000285F15 /* ViewController.swift */; };
		1AE05DD628CAAF1000285F15 /* Main.storyboard in Resources */ = {isa = PBXBuildFile; fileRef = 1AE05DD428CAAF1000285F15 /* Main.storyboard */; };
		1AE05DD828CAAF1100285F15 /* Assets.xcassets in Resources */ = {isa = PBXBuildFile; fileRef = 1AE05DD728CAAF1100285F15 /* Assets.xcassets */; };
		1AE05DDB28CAAF1100285F15 /* LaunchScreen.storyboard in Resources */ = {isa = PBXBuildFile; fileRef = 1AE05DD928CAAF1100285F15 /* LaunchScreen.storyboard */; };
		1AE05DE628CAAF1200285F15 /* pre_workTests.swift in Sources */ = {isa = PBXBuildFile; fileRef = 1AE05DE528CAAF1200285F15 /* pre_workTests.swift */; };
		1AE05DF028CAAF1200285F15 /* pre_workUITests.swift in Sources */ = {isa = PBXBuildFile; fileRef = 1AE05DEF28CAAF1200285F15 /* pre_workUITests.swift */; };
		1AE05DF228CAAF1200285F15 /* pre_workUITestsLaunchTests.swift in Sources */ = {isa = PBXBuildFile; fileRef = 1AE05DF128CAAF1200285F15 /* pre_workUITestsLaunchTests.swift */; };
/* End PBXBuildFile section */

/* Begin PBXContainerItemProxy section */
		1AE05DE228CAAF1200285F15 /* PBXContainerItemProxy */ = {
			isa = PBXContainerItemProxy;
			containerPortal = 1AE05DC328CAAF0F00285F15 /* Project object */;
			proxyType = 1;
			remoteGlobalIDString = 1AE05DCA28CAAF0F00285F15;
			remoteInfo = pre_work;
		};
		1AE05DEC28CAAF1200285F15 /* PBXContainerItemProxy */ = {
			isa = PBXContainerItemProxy;
			containerPortal = 1AE05DC328CAAF0F00285F15 /* Project object */;
			proxyType = 1;
			remoteGlobalIDString = 1AE05DCA28CAAF0F00285F15;
			remoteInfo = pre_work;
		};
/* End PBXContainerItemProxy section */

/* Begin PBXFileReference section */
		1AE05DCB28CAAF1000285F15 /* pre_work.app */ = {isa = PBXFileReference; explicitFileType = wrapper.application; includeInIndex = 0; path = pre_work.app; sourceTree = BUILT_PRODUCTS_DIR; };
		1AE05DCE28CAAF1000285F15 /* AppDelegate.swift */ = {isa = PBXFileReference; lastKnownFileType = sourcecode.swift; path = AppDelegate.swift; sourceTree = "<group>"; };
		1AE05DD028CAAF1000285F15 /* SceneDelegate.swift */ = {isa = PBXFileReference; lastKnownFileType = sourcecode.swift; path = SceneDelegate.swift; sourceTree = "<group>"; };
		1AE05DD228CAAF1000285F15 /* ViewController.swift */ = {isa = PBXFileReference; lastKnownFileType = sourcecode.swift; path = ViewController.swift; sourceTree = "<group>"; };
		1AE05DD528CAAF1000285F15 /* Base */ = {isa = PBXFileReference; lastKnownFileType = file.storyboard; name = Base; path = Base.lproj/Main.storyboard; sourceTree = "<group>"; };
		1AE05DD728CAAF1100285F15 /* Assets.xcassets */ = {isa = PBXFileReference; lastKnownFileType = folder.assetcatalog; path = Assets.xcassets; sourceTree = "<group>"; };
		1AE05DDA28CAAF1100285F15 /* Base */ = {isa = PBXFileReference; lastKnownFileType = file.storyboard; name = Base; path = Base.lproj/LaunchScreen.storyboard; sourceTree = "<group>"; };
		1AE05DDC28CAAF1100285F15 /* Info.plist */ = {isa = PBXFileReference; lastKnownFileType = text.plist.xml; path = Info.plist; sourceTree = "<group>"; };
		1AE05DE128CAAF1200285F15 /* pre_workTests.xctest */ = {isa = PBXFileReference; explicitFileType = wrapper.cfbundle; includeInIndex = 0; path = pre_workTests.xctest; sourceTree = BUILT_PRODUCTS_DIR; };
		1AE05DE528CAAF1200285F15 /* pre_workTests.swift */ = {isa = PBXFileReference; lastKnownFileType = sourcecode.swift; path = pre_workTests.swift; sourceTree = "<group>"; };
		1AE05DEB28CAAF1200285F15 /* pre_workUITests.xctest */ = {isa = PBXFileReference; explicitFileType = wrapper.cfbundle; includeInIndex = 0; path = pre_workUITests.xctest; sourceTree = BUILT_PRODUCTS_DIR; };
		1AE05DEF28CAAF1200285F15 /* pre_workUITests.swift */ = {isa = PBXFileReference; lastKnownFileType = sourcecode.swift; path = pre_workUITests.swift; sourceTree = "<group>"; };
		1AE05DF128CAAF1200285F15 /* pre_workUITestsLaunchTests.swift */ = {isa = PBXFileReference; lastKnownFileType = sourcecode.swift; path = pre_workUITestsLaunchTests.swift; sourceTree = "<group>"; };
/* End PBXFileReference section */

/* Begin PBXFrameworksBuildPhase section */
		1AE05DC828CAAF0F00285F15 /* Frameworks */ = {
			isa = PBXFrameworksBuildPhase;
			buildActionMask = 2147483647;
			files = (
			);
			runOnlyForDeploymentPostprocessing = 0;
		};
		1AE05DDE28CAAF1200285F15 /* Frameworks */ = {
			isa = PBXFrameworksBuildPhase;
			buildActionMask = 2147483647;
			files = (
			);
			runOnlyForDeploymentPostprocessing = 0;
		};
		1AE05DE828CAAF1200285F15 /* Frameworks */ = {
			isa = PBXFrameworksBuildPhase;
			buildActionMask = 2147483647;
			files = (
			);
			runOnlyForDeploymentPostprocessing = 0;
		};
/* End PBXFrameworksBuildPhase section */

/* Begin PBXGroup section */
		1AE05DC228CAAF0F00285F15 = {
			isa = PBXGroup;
			children = (
				1AE05DCD28CAAF1000285F15 /* pre_work */,
				1AE05DE428CAAF1200285F15 /* pre_workTests */,
				1AE05DEE28CAAF1200285F15 /* pre_workUITests */,
				1AE05DCC28CAAF1000285F15 /* Products */,
			);
			sourceTree = "<group>";
		};
		1AE05DCC28CAAF1000285F15 /* Products */ = {
			isa = PBXGroup;
			children = (
				1AE05DCB28CAAF1000285F15 /* pre_work.app */,
				1AE05DE128CAAF1200285F15 /* pre_workTests.xctest */,
				1AE05DEB28CAAF1200285F15 /* pre_workUITests.xctest */,
			);
			name = Products;
			sourceTree = "<group>";
		};
		1AE05DCD28CAAF1000285F15 /* pre_work */ = {
			isa = PBXGroup;
			children = (
				1AE05DCE28CAAF1000285F15 /* AppDelegate.swift */,
				1AE05DD028CAAF1000285F15 /* SceneDelegate.swift */,
				1AE05DD228CAAF1000285F15 /* ViewController.swift */,
				1AE05DD428CAAF1000285F15 /* Main.storyboard */,
				1AE05DD728CAAF1100285F15 /* Assets.xcassets */,
				1AE05DD928CAAF1100285F15 /* LaunchScreen.storyboard */,
				1AE05DDC28CAAF1100285F15 /* Info.plist */,
			);
			path = pre_work;
			sourceTree = "<group>";
		};
		1AE05DE428CAAF1200285F15 /* pre_workTests */ = {
			isa = PBXGroup;
			children = (
				1AE05DE528CAAF1200285F15 /* pre_workTests.swift */,
			);
			path = pre_workTests;
			sourceTree = "<group>";
		};
		1AE05DEE28CAAF1200285F15 /* pre_workUITests */ = {
			isa = PBXGroup;
			children = (
				1AE05DEF28CAAF1200285F15 /* pre_workUITests.swift */,
				1AE05DF128CAAF1200285F15 /* pre_workUITestsLaunchTests.swift */,
			);
			path = pre_workUITests;
			sourceTree = "<group>";
		};
/* End PBXGroup section */

/* Begin PBXNativeTarget section */
		1AE05DCA28CAAF0F00285F15 /* pre_work */ = {
			isa = PBXNativeTarget;
			buildConfigurationList = 1AE05DF528CAAF1200285F15 /* Build configuration list for PBXNativeTarget "pre_work" */;
			buildPhases = (
				1AE05DC728CAAF0F00285F15 /* Sources */,
				1AE05DC828CAAF0F00285F15 /* Frameworks */,
				1AE05DC928CAAF0F00285F15 /* Resources */,
			);
			buildRules = (
			);
			dependencies = (
			);
			name = pre_work;
			productName = pre_work;
			productReference = 1AE05DCB28CAAF1000285F15 /* pre_work.app */;
			productType = "com.apple.product-type.application";
		};
		1AE05DE028CAAF1200285F15 /* pre_workTests */ = {
			isa = PBXNativeTarget;
			buildConfigurationList = 1AE05DF828CAAF1200285F15 /* Build configuration list for PBXNativeTarget "pre_workTests" */;
			buildPhases = (
				1AE05DDD28CAAF1200285F15 /* Sources */,
				1AE05DDE28CAAF1200285F15 /* Frameworks */,
				1AE05DDF28CAAF1200285F15 /* Resources */,
			);
			buildRules = (
			);
			dependencies = (
				1AE05DE328CAAF1200285F15 /* PBXTargetDependency */,
			);
			name = pre_workTests;
			productName = pre_workTests;
			productReference = 1AE05DE128CAAF1200285F15 /* pre_workTests.xctest */;
			productType = "com.apple.product-type.bundle.unit-test";
		};
		1AE05DEA28CAAF1200285F15 /* pre_workUITests */ = {
			isa = PBXNativeTarget;
			buildConfigurationList = 1AE05DFB28CAAF1200285F15 /* Build configuration list for PBXNativeTarget "pre_workUITests" */;
			buildPhases = (
				1AE05DE728CAAF1200285F15 /* Sources */,
				1AE05DE828CAAF1200285F15 /* Frameworks */,
				1AE05DE928CAAF1200285F15 /* Resources */,
			);
			buildRules = (
			);
			dependencies = (
				1AE05DED28CAAF1200285F15 /* PBXTargetDependency */,
			);
			name = pre_workUITests;
			productName = pre_workUITests;
			productReference = 1AE05DEB28CAAF1200285F15 /* pre_workUITests.xctest */;
			productType = "com.apple.product-type.bundle.ui-testing";
		};
/* End PBXNativeTarget section */

/* Begin PBXProject section */
		1AE05DC328CAAF0F00285F15 /* Project object */ = {
			isa = PBXProject;
			attributes = {
				BuildIndependentTargetsInParallel = 1;
				LastSwiftUpdateCheck = 1340;
				LastUpgradeCheck = 1340;
				TargetAttributes = {
					1AE05DCA28CAAF0F00285F15 = {
						CreatedOnToolsVersion = 13.4.1;
					};
					1AE05DE028CAAF1200285F15 = {
						CreatedOnToolsVersion = 13.4.1;
						TestTargetID = 1AE05DCA28CAAF0F00285F15;
					};
					1AE05DEA28CAAF1200285F15 = {
						CreatedOnToolsVersion = 13.4.1;
						TestTargetID = 1AE05DCA28CAAF0F00285F15;
					};
				};
			};
			buildConfigurationList = 1AE05DC628CAAF0F00285F15 /* Build configuration list for PBXProject "pre_work" */;
			compatibilityVersion = "Xcode 13.0";
			developmentRegion = en;
			hasScannedForEncodings = 0;
			knownRegions = (
				en,
				Base,
			);
			mainGroup = 1AE05DC228CAAF0F00285F15;
			productRefGroup = 1AE05DCC28CAAF1000285F15 /* Products */;
			projectDirPath = "";
			projectRoot = "";
			targets = (
				1AE05DCA28CAAF0F00285F15 /* pre_work */,
				1AE05DE028CAAF1200285F15 /* pre_workTests */,
				1AE05DEA28CAAF1200285F15 /* pre_workUITests */,
			);
		};
/* End PBXProject section */

/* Begin PBXResourcesBuildPhase section */
		1AE05DC928CAAF0F00285F15 /* Resources */ = {
			isa = PBXResourcesBuildPhase;
			buildActionMask = 2147483647;
			files = (
				1AE05DDB28CAAF1100285F15 /* LaunchScreen.storyboard in Resources */,
				1AE05DD828CAAF1100285F15 /* Assets.xcassets in Resources */,
				1AE05DD628CAAF1000285F15 /* Main.storyboard in Resources */,
			);
			runOnlyForDeploymentPostprocessing = 0;
		};
		1AE05DDF28CAAF1200285F15 /* Resources */ = {
			isa = PBXResourcesBuildPhase;
			buildActionMask = 2147483647;
			files = (
			);
			runOnlyForDeploymentPostprocessing = 0;
		};
		1AE05DE928CAAF1200285F15 /* Resources */ = {
			isa = PBXResourcesBuildPhase;
			buildActionMask = 2147483647;
			files = (
			);
			runOnlyForDeploymentPostprocessing = 0;
		};
/* End PBXResourcesBuildPhase section */

/* Begin PBXSourcesBuildPhase section */
		1AE05DC728CAAF0F00285F15 /* Sources */ = {
			isa = PBXSourcesBuildPhase;
			buildActionMask = 2147483647;
			files = (
				1AE05DD328CAAF1000285F15 /* ViewController.swift in Sources */,
				1AE05DCF28CAAF1000285F15 /* AppDelegate.swift in Sources */,
				1AE05DD128CAAF1000285F15 /* SceneDelegate.swift in Sources */,
			);
			runOnlyForDeploymentPostprocessing = 0;
		};
		1AE05DDD28CAAF1200285F15 /* Sources */ = {
			isa = PBXSourcesBuildPhase;
			buildActionMask = 2147483647;
			files = (
				1AE05DE628CAAF1200285F15 /* pre_workTests.swift in Sources */,
			);
			runOnlyForDeploymentPostprocessing = 0;
		};
		1AE05DE728CAAF1200285F15 /* Sources */ = {
			isa = PBXSourcesBuildPhase;
			buildActionMask = 2147483647;
			files = (
				1AE05DF228CAAF1200285F15 /* pre_workUITestsLaunchTests.swift in Sources */,
				1AE05DF028CAAF1200285F15 /* pre_workUITests.swift in Sources */,
			);
			runOnlyForDeploymentPostprocessing = 0;
		};
/* End PBXSourcesBuildPhase section */

/* Begin PBXTargetDependency section */
		1AE05DE328CAAF1200285F15 /* PBXTargetDependency */ = {
			isa = PBXTargetDependency;
			target = 1AE05DCA28CAAF0F00285F15 /* pre_work */;
			targetProxy = 1AE05DE228CAAF1200285F15 /* PBXContainerItemProxy */;
		};
		1AE05DED28CAAF1200285F15 /* PBXTargetDependency */ = {
			isa = PBXTargetDependency;
			target = 1AE05DCA28CAAF0F00285F15 /* pre_work */;
			targetProxy = 1AE05DEC28CAAF1200285F15 /* PBXContainerItemProxy */;
		};
/* End PBXTargetDependency section */

/* Begin PBXVariantGroup section */
		1AE05DD428CAAF1000285F15 /* Main.storyboard */ = {
			isa = PBXVariantGroup;
			children = (
				1AE05DD528CAAF1000285F15 /* Base */,
			);
			name = Main.storyboard;
			sourceTree = "<group>";
		};
		1AE05DD928CAAF1100285F15 /* LaunchScreen.storyboard */ = {
			isa = PBXVariantGroup;
			children = (
				1AE05DDA28CAAF1100285F15 /* Base */,
			);
			name = LaunchScreen.storyboard;
			sourceTree = "<group>";
		};
/* End PBXVariantGroup section */

/* Begin XCBuildConfiguration section */
		1AE05DF328CAAF1200285F15 /* Debug */ = {
			isa = XCBuildConfiguration;
			buildSettings = {
				ALWAYS_SEARCH_USER_PATHS = NO;
				CLANG_ANALYZER_NONNULL = YES;
				CLANG_ANALYZER_NUMBER_OBJECT_CONVERSION = YES_AGGRESSIVE;
				CLANG_CXX_LANGUAGE_STANDARD = "gnu++17";
				CLANG_ENABLE_MODULES = YES;
				CLANG_ENABLE_OBJC_ARC = YES;
				CLANG_ENABLE_OBJC_WEAK = YES;
				CLANG_WARN_BLOCK_CAPTURE_AUTORELEASING = YES;
				CLANG_WARN_BOOL_CONVERSION = YES;
				CLANG_WARN_COMMA = YES;
				CLANG_WARN_CONSTANT_CONVERSION = YES;
				CLANG_WARN_DEPRECATED_OBJC_IMPLEMENTATIONS = YES;
				CLANG_WARN_DIRECT_OBJC_ISA_USAGE = YES_ERROR;
				CLANG_WARN_DOCUMENTATION_COMMENTS = YES;
				CLANG_WARN_EMPTY_BODY = YES;
				CLANG_WARN_ENUM_CONVERSION = YES;
				CLANG_WARN_INFINITE_RECURSION = YES;
				CLANG_WARN_INT_CONVERSION = YES;
				CLANG_WARN_NON_LITERAL_NULL_CONVERSION = YES;
				CLANG_WARN_OBJC_IMPLICIT_RETAIN_SELF = YES;
				CLANG_WARN_OBJC_LITERAL_CONVERSION = YES;
				CLANG_WARN_OBJC_ROOT_CLASS = YES_ERROR;
				CLANG_WARN_QUOTED_INCLUDE_IN_FRAMEWORK_HEADER = YES;
				CLANG_WARN_RANGE_LOOP_ANALYSIS = YES;
				CLANG_WARN_STRICT_PROTOTYPES = YES;
				CLANG_WARN_SUSPICIOUS_MOVE = YES;
				CLANG_WARN_UNGUARDED_AVAILABILITY = YES_AGGRESSIVE;
				CLANG_WARN_UNREACHABLE_CODE = YES;
				CLANG_WARN__DUPLICATE_METHOD_MATCH = YES;
				COPY_PHASE_STRIP = NO;
				DEBUG_INFORMATION_FORMAT = dwarf;
				ENABLE_STRICT_OBJC_MSGSEND = YES;
				ENABLE_TESTABILITY = YES;
				GCC_C_LANGUAGE_STANDARD = gnu11;
				GCC_DYNAMIC_NO_PIC = NO;
				GCC_NO_COMMON_BLOCKS = YES;
				GCC_OPTIMIZATION_LEVEL = 0;
				GCC_PREPROCESSOR_DEFINITIONS = (
					"DEBUG=1",
					"$(inherited)",
				);
				GCC_WARN_64_TO_32_BIT_CONVERSION = YES;
				GCC_WARN_ABOUT_RETURN_TYPE = YES_ERROR;
				GCC_WARN_UNDECLARED_SELECTOR = YES;
				GCC_WARN_UNINITIALIZED_AUTOS = YES_AGGRESSIVE;
				GCC_WARN_UNUSED_FUNCTION = YES;
				GCC_WARN_UNUSED_VARIABLE = YES;
				IPHONEOS_DEPLOYMENT_TARGET = 15.5;
				MTL_ENABLE_DEBUG_INFO = INCLUDE_SOURCE;
				MTL_FAST_MATH = YES;
				ONLY_ACTIVE_ARCH = YES;
				SDKROOT = iphoneos;
				SWIFT_ACTIVE_COMPILATION_CONDITIONS = DEBUG;
				SWIFT_OPTIMIZATION_LEVEL = "-Onone";
			};
			name = Debug;
		};
		1AE05DF428CAAF1200285F15 /* Release */ = {
			isa = XCBuildConfiguration;
			buildSettings = {
				ALWAYS_SEARCH_USER_PATHS = NO;
				CLANG_ANALYZER_NONNULL = YES;
				CLANG_ANALYZER_NUMBER_OBJECT_CONVERSION = YES_AGGRESSIVE;
				CLANG_CXX_LANGUAGE_STANDARD = "gnu++17";
				CLANG_ENABLE_MODULES = YES;
				CLANG_ENABLE_OBJC_ARC = YES;
				CLANG_ENABLE_OBJC_WEAK = YES;
				CLANG_WARN_BLOCK_CAPTURE_AUTORELEASING = YES;
				CLANG_WARN_BOOL_CONVERSION = YES;
				CLANG_WARN_COMMA = YES;
				CLANG_WARN_CONSTANT_CONVERSION = YES;
				CLANG_WARN_DEPRECATED_OBJC_IMPLEMENTATIONS = YES;
				CLANG_WARN_DIRECT_OBJC_ISA_USAGE = YES_ERROR;
				CLANG_WARN_DOCUMENTATION_COMMENTS = YES;
				CLANG_WARN_EMPTY_BODY = YES;
				CLANG_WARN_ENUM_CONVERSION = YES;
				CLANG_WARN_INFINITE_RECURSION = YES;
				CLANG_WARN_INT_CONVERSION = YES;
				CLANG_WARN_NON_LITERAL_NULL_CONVERSION = YES;
				CLANG_WARN_OBJC_IMPLICIT_RETAIN_SELF = YES;
				CLANG_WARN_OBJC_LITERAL_CONVERSION = YES;
				CLANG_WARN_OBJC_ROOT_CLASS = YES_ERROR;
				CLANG_WARN_QUOTED_INCLUDE_IN_FRAMEWORK_HEADER = YES;
				CLANG_WARN_RANGE_LOOP_ANALYSIS = YES;
				CLANG_WARN_STRICT_PROTOTYPES = YES;
				CLANG_WARN_SUSPICIOUS_MOVE = YES;
				CLANG_WARN_UNGUARDED_AVAILABILITY = YES_AGGRESSIVE;
				CLANG_WARN_UNREACHABLE_CODE = YES;
				CLANG_WARN__DUPLICATE_METHOD_MATCH = YES;
				COPY_PHASE_STRIP = NO;
				DEBUG_INFORMATION_FORMAT = "dwarf-with-dsym";
				ENABLE_NS_ASSERTIONS = NO;
				ENABLE_STRICT_OBJC_MSGSEND = YES;
				GCC_C_LANGUAGE_STANDARD = gnu11;
				GCC_NO_COMMON_BLOCKS = YES;
				GCC_WARN_64_TO_32_BIT_CONVERSION = YES;
				GCC_WARN_ABOUT_RETURN_TYPE = YES_ERROR;
				GCC_WARN_UNDECLARED_SELECTOR = YES;
				GCC_WARN_UNINITIALIZED_AUTOS = YES_AGGRESSIVE;
				GCC_WARN_UNUSED_FUNCTION = YES;
				GCC_WARN_UNUSED_VARIABLE = YES;
				IPHONEOS_DEPLOYMENT_TARGET = 15.5;
				MTL_ENABLE_DEBUG_INFO = NO;
				MTL_FAST_MATH = YES;
				SDKROOT = iphoneos;
				SWIFT_COMPILATION_MODE = wholemodule;
				SWIFT_OPTIMIZATION_LEVEL = "-O";
				VALIDATE_PRODUCT = YES;
			};
			name = Release;
		};
		1AE05DF628CAAF1200285F15 /* Debug */ = {
			isa = XCBuildConfiguration;
			buildSettings = {
				ASSETCATALOG_COMPILER_APPICON_NAME = AppIcon;
				ASSETCATALOG_COMPILER_GLOBAL_ACCENT_COLOR_NAME = AccentColor;
				CODE_SIGN_STYLE = Automatic;
				CURRENT_PROJECT_VERSION = 1;
				GENERATE_INFOPLIST_FILE = YES;
				INFOPLIST_FILE = pre_work/Info.plist;
				INFOPLIST_KEY_UIApplicationSupportsIndirectInputEvents = YES;
				INFOPLIST_KEY_UILaunchStoryboardName = LaunchScreen;
				INFOPLIST_KEY_UIMainStoryboardFile = Main;
				INFOPLIST_KEY_UISupportedInterfaceOrientations_iPad = "UIInterfaceOrientationPortrait UIInterfaceOrientationPortraitUpsideDown UIInterfaceOrientationLandscapeLeft UIInterfaceOrientationLandscapeRight";
				INFOPLIST_KEY_UISupportedInterfaceOrientations_iPhone = "UIInterfaceOrientationPortrait UIInterfaceOrientationLandscapeLeft UIInterfaceOrientationLandscapeRight";
				LD_RUNPATH_SEARCH_PATHS = (
					"$(inherited)",
					"@executable_path/Frameworks",
				);
				MARKETING_VERSION = 1.0;
				PRODUCT_BUNDLE_IDENTIFIER = "vinayakiyer.pre-work";
				PRODUCT_NAME = "$(TARGET_NAME)";
				SWIFT_EMIT_LOC_STRINGS = YES;
				SWIFT_VERSION = 5.0;
				TARGETED_DEVICE_FAMILY = "1,2";
			};
			name = Debug;
		};
		1AE05DF728CAAF1200285F15 /* Release */ = {
			isa = XCBuildConfiguration;
			buildSettings = {
				ASSETCATALOG_COMPILER_APPICON_NAME = AppIcon;
				ASSETCATALOG_COMPILER_GLOBAL_ACCENT_COLOR_NAME = AccentColor;
				CODE_SIGN_STYLE = Automatic;
				CURRENT_PROJECT_VERSION = 1;
				GENERATE_INFOPLIST_FILE = YES;
				INFOPLIST_FILE = pre_work/Info.plist;
				INFOPLIST_KEY_UIApplicationSupportsIndirectInputEvents = YES;
				INFOPLIST_KEY_UILaunchStoryboardName = LaunchScreen;
				INFOPLIST_KEY_UIMainStoryboardFile = Main;
				INFOPLIST_KEY_UISupportedInterfaceOrientations_iPad = "UIInterfaceOrientationPortrait UIInterfaceOrientationPortraitUpsideDown UIInterfaceOrientationLandscapeLeft UIInterfaceOrientationLandscapeRight";
				INFOPLIST_KEY_UISupportedInterfaceOrientations_iPhone = "UIInterfaceOrientationPortrait UIInterfaceOrientationLandscapeLeft UIInterfaceOrientationLandscapeRight";
				LD_RUNPATH_SEARCH_PATHS = (
					"$(inherited)",
					"@executable_path/Frameworks",
				);
				MARKETING_VERSION = 1.0;
				PRODUCT_BUNDLE_IDENTIFIER = "vinayakiyer.pre-work";
				PRODUCT_NAME = "$(TARGET_NAME)";
				SWIFT_EMIT_LOC_STRINGS = YES;
				SWIFT_VERSION = 5.0;
				TARGETED_DEVICE_FAMILY = "1,2";
			};
			name = Release;
		};
		1AE05DF928CAAF1200285F15 /* Debug */ = {
			isa = XCBuildConfiguration;
			buildSettings = {
				ALWAYS_EMBED_SWIFT_STANDARD_LIBRARIES = YES;
				BUNDLE_LOADER = "$(TEST_HOST)";
				CODE_SIGN_STYLE = Automatic;
				CURRENT_PROJECT_VERSION = 1;
				GENERATE_INFOPLIST_FILE = YES;
				IPHONEOS_DEPLOYMENT_TARGET = 15.5;
				MARKETING_VERSION = 1.0;
				PRODUCT_BUNDLE_IDENTIFIER = "vinayakiyer.pre-workTests";
				PRODUCT_NAME = "$(TARGET_NAME)";
				SWIFT_EMIT_LOC_STRINGS = NO;
				SWIFT_VERSION = 5.0;
				TARGETED_DEVICE_FAMILY = "1,2";
				TEST_HOST = "$(BUILT_PRODUCTS_DIR)/pre_work.app/pre_work";
			};
			name = Debug;
		};
		1AE05DFA28CAAF1200285F15 /* Release */ = {
			isa = XCBuildConfiguration;
			buildSettings = {
				ALWAYS_EMBED_SWIFT_STANDARD_LIBRARIES = YES;
				BUNDLE_LOADER = "$(TEST_HOST)";
				CODE_SIGN_STYLE = Automatic;
				CURRENT_PROJECT_VERSION = 1;
				GENERATE_INFOPLIST_FILE = YES;
				IPHONEOS_DEPLOYMENT_TARGET = 15.5;
				MARKETING_VERSION = 1.0;
				PRODUCT_BUNDLE_IDENTIFIER = "vinayakiyer.pre-workTests";
				PRODUCT_NAME = "$(TARGET_NAME)";
				SWIFT_EMIT_LOC_STRINGS = NO;
				SWIFT_VERSION = 5.0;
				TARGETED_DEVICE_FAMILY = "1,2";
				TEST_HOST = "$(BUILT_PRODUCTS_DIR)/pre_work.app/pre_work";
			};
			name = Release;
		};
		1AE05DFC28CAAF1200285F15 /* Debug */ = {
			isa = XCBuildConfiguration;
			buildSettings = {
				ALWAYS_EMBED_SWIFT_STANDARD_LIBRARIES = YES;
				CODE_SIGN_STYLE = Automatic;
				CURRENT_PROJECT_VERSION = 1;
				GENERATE_INFOPLIST_FILE = YES;
				MARKETING_VERSION = 1.0;
				PRODUCT_BUNDLE_IDENTIFIER = "vinayakiyer.pre-workUITests";
				PRODUCT_NAME = "$(TARGET_NAME)";
				SWIFT_EMIT_LOC_STRINGS = NO;
				SWIFT_VERSION = 5.0;
				TARGETED_DEVICE_FAMILY = "1,2";
				TEST_TARGET_NAME = pre_work;
			};
			name = Debug;
		};
		1AE05DFD28CAAF1200285F15 /* Release */ = {
			isa = XCBuildConfiguration;
			buildSettings = {
				ALWAYS_EMBED_SWIFT_STANDARD_LIBRARIES = YES;
				CODE_SIGN_STYLE = Automatic;
				CURRENT_PROJECT_VERSION = 1;
				GENERATE_INFOPLIST_FILE = YES;
				MARKETING_VERSION = 1.0;
				PRODUCT_BUNDLE_IDENTIFIER = "vinayakiyer.pre-workUITests";
				PRODUCT_NAME = "$(TARGET_NAME)";
				SWIFT_EMIT_LOC_STRINGS = NO;
				SWIFT_VERSION = 5.0;
				TARGETED_DEVICE_FAMILY = "1,2";
				TEST_TARGET_NAME = pre_work;
			};
			name = Release;
		};
/* End XCBuildConfiguration section */

/* Begin XCConfigurationList section */
		1AE05DC628CAAF0F00285F15 /* Build configuration list for PBXProject "pre_work" */ = {
			isa = XCConfigurationList;
			buildConfigurations = (
				1AE05DF328CAAF1200285F15 /* Debug */,
				1AE05DF428CAAF1200285F15 /* Release */,
			);
			defaultConfigurationIsVisible = 0;
			defaultConfigurationName = Release;
		};
		1AE05DF528CAAF1200285F15 /* Build configuration list for PBXNativeTarget "pre_work" */ = {
			isa = XCConfigurationList;
			buildConfigurations = (
				1AE05DF628CAAF1200285F15 /* Debug */,
				1AE05DF728CAAF1200285F15 /* Release */,
			);
			defaultConfigurationIsVisible = 0;
			defaultConfigurationName = Release;
		};
		1AE05DF828CAAF1200285F15 /* Build configuration list for PBXNativeTarget "pre_workTests" */ = {
			isa = XCConfigurationList;
			buildConfigurations = (
				1AE05DF928CAAF1200285F15 /* Debug */,
				1AE05DFA28CAAF1200285F15 /* Release */,
			);
			defaultConfigurationIsVisible = 0;
			defaultConfigurationName = Release;
		};
		1AE05DFB28CAAF1200285F15 /* Build configuration list for PBXNativeTarget "pre_workUITests" */ = {
			isa = XCConfigurationList;
			buildConfigurations = (
				1AE05DFC28CAAF1200285F15 /* Debug */,
				1AE05DFD28CAAF1200285F15 /* Release */,
			);
			defaultConfigurationIsVisible = 0;
			defaultConfigurationName = Release;
		};
/* End XCConfigurationList section */
	};
	rootObject = 1AE05DC328CAAF0F00285F15 /* Project object */;
}
